
Microsoft Visual Studio Solution File, Format Version 12.00
# Visual Studio Version 17
VisualStudioVersion = 17.3.32825.248
MinimumVisualStudioVersion = 10.0.40219.1
Project("{FAE04EC0-301F-11D3-BF4B-00C04F79EFBC}") = "3", "3\3.csproj", "{3F01D0F5-AA40-467F-B918-27258AE1940A}"
EndProject
Global
	GlobalSection(SolutionConfigurationPlatforms) = preSolution
		Debug|Any CPU = Debug|Any CPU
		Release|Any CPU = Release|Any CPU
	EndGlobalSection
	GlobalSection(ProjectConfigurationPlatforms) = postSolution
		{3F01D0F5-AA40-467F-B918-27258AE1940A}.Debug|Any CPU.ActiveCfg = Debug|Any CPU
		{3F01D0F5-AA40-467F-B918-27258AE1940A}.Debug|Any CPU.Build.0 = Debug|Any CPU
		{3F01D0F5-AA40-467F-B918-27258AE1940A}.Release|Any CPU.ActiveCfg = Release|Any CPU
		{3F01D0F5-AA40-467F-B918-27258AE1940A}.Release|Any CPU.Build.0 = Release|Any CPU
	EndGlobalSection
	GlobalSection(SolutionProperties) = preSolution
		HideSolutionNode = FALSE
	EndGlobalSection
	GlobalSection(ExtensibilityGlobals) = postSolution
		SolutionGuid = {17D0B144-E2C2-490F-AB53-7ADA50D48BCE}
	EndGlobalSection
EndGlobal
